Microsoft Visual Studio Solution File, Format Version 12.00
# Visual Studio Version 17
VisualStudioVersion = 17.5.33516.290
MinimumVisualStudioVersion = 10.0.40219.1
Project("{9A19103F-16F7-4668-BE54-9A1E7A4F7556}") = "Rhythm.Net.Core", "Rhythm.Net.Core\Rhythm.Net.Core.csproj", "{CBD9EBD1-1153-40BE-B30D-113DC7913937}"
EndProject
Global
	GlobalSection(SolutionConfigurationPlatforms) = preSolution
		Debug|Any CPU = Debug|Any CPU
		Release|Any CPU = Release|Any CPU
	EndGlobalSection
	GlobalSection(ProjectConfigurationPlatforms) = postSolution
		{CBD9EBD1-1153-40BE-B30D-113DC7913937}.Debug|Any CPU.ActiveCfg = Debug|Any CPU
		{CBD9EBD1-1153-40BE-B30D-113DC7913937}.Debug|Any CPU.Build.0 = Debug|Any CPU
		{CBD9EBD1-1153-40BE-B30D-113DC7913937}.Release|Any CPU.ActiveCfg = Release|Any CPU
		{CBD9EBD1-1153-40BE-B30D-113DC7913937}.Release|Any CPU.Build.0 = Release|Any CPU
	EndGlobalSection
	GlobalSection(SolutionProperties) = preSolution
		HideSolutionNode = FALSE
	EndGlobalSection
	GlobalSection(ExtensibilityGlobals) = postSolution
		SolutionGuid = {67FA1C00-8664-4301-B88F-6C7F37AFC7D5}
	EndGlobalSection
EndGlobal
